
Microsoft Visual Studio Solution File, Format Version 12.00
# Visual Studio 14
VisualStudioVersion = 14.0.23107.0
MinimumVisualStudioVersion = 10.0.40219.1
Project("{FAE04EC0-301F-11D3-BF4B-00C04F79EFBC}") = "GitInterfaces", "GitInterfaces\GitInterfaces.csproj", "{B46628E7-6794-4385-B79C-94B1B35A2FF0}"
EndProject
Global
	GlobalSection(SolutionConfigurationPlatforms) = preSolution
		Debug|Any CPU = Debug|Any CPU
		Release|Any CPU = Release|Any CPU
	EndGlobalSection
	GlobalSection(ProjectConfigurationPlatforms) = postSolution
		{B46628E7-6794-4385-B79C-94B1B35A2FF0}.Debug|Any CPU.ActiveCfg = Debug|Any CPU
		{B46628E7-6794-4385-B79C-94B1B35A2FF0}.Debug|Any CPU.Build.0 = Debug|Any CPU
		{B46628E7-6794-4385-B79C-94B1B35A2FF0}.Release|Any CPU.ActiveCfg = Release|Any CPU
		{B46628E7-6794-4385-B79C-94B1B35A2FF0}.Release|Any CPU.Build.0 = Release|Any CPU
	EndGlobalSection
	GlobalSection(SolutionProperties) = preSolution
		HideSolutionNode = FALSE
	EndGlobalSection
EndGlobal
